
Microsoft Visual Studio Solution File, Format Version 12.00
# Visual Studio Version 17
VisualStudioVersion = 17.5.002.0
MinimumVisualStudioVersion = 10.0.40219.1
Project("{9A19103F-16F7-4668-BE54-9A1E7A4F7556}") = "projectManagement.API", "projectManagement.API.csproj", "{EB24D171-863C-4F12-BDF5-5E74A0EE5031}"
EndProject
Global
	GlobalSection(SolutionConfigurationPlatforms) = preSolution
		Debug|Any CPU = Debug|Any CPU
		Release|Any CPU = Release|Any CPU
	EndGlobalSection
	GlobalSection(ProjectConfigurationPlatforms) = postSolution
		{EB24D171-863C-4F12-BDF5-5E74A0EE5031}.Debug|Any CPU.ActiveCfg = Debug|Any CPU
		{EB24D171-863C-4F12-BDF5-5E74A0EE5031}.Debug|Any CPU.Build.0 = Debug|Any CPU
		{EB24D171-863C-4F12-BDF5-5E74A0EE5031}.Release|Any CPU.ActiveCfg = Release|Any CPU
		{EB24D171-863C-4F12-BDF5-5E74A0EE5031}.Release|Any CPU.Build.0 = Release|Any CPU
	EndGlobalSection
	GlobalSection(SolutionProperties) = preSolution
		HideSolutionNode = FALSE
	EndGlobalSection
	GlobalSection(ExtensibilityGlobals) = postSolution
		SolutionGuid = {31E74EF5-3107-47D2-9DAF-7EA71912897F}
	EndGlobalSection
EndGlobal
